{
  "object": {
    "pins": [
      {
        "package": "KindKit",
        "repositoryURL": "https://github.com/KindKit/KindKit.git",
        "state": {
          "branch": null,
          "revision": "bb80f8f259c26568e8a243520dd13b07614f513d",
          "version": "0.0.8"
        }
      }
    ]
  },
  "version": 1
}
