{
  "pins" : [
    {
      "identity" : "ios-floor-plan-module",
      "kind" : "remoteSourceControl",
      "location" : "https://github.com/danielclipnow/ios-floor-plan-module.git",
      "state" : {
        "revision" : "4779873228059f2a5a29f739d73ae5c8ad399420",
        "version" : "0.0.11"
      }
    },
    {
      "identity" : "kindkit",
      "kind" : "remoteSourceControl",
      "location" : "https://github.com/KindKit/KindKit.git",
      "state" : {
        "revision" : "bb80f8f259c26568e8a243520dd13b07614f513d",
        "version" : "0.0.8"
      }
    }
  ],
  "version" : 2
}
